
Microsoft Visual Studio Solution File, Format Version 12.00
# Visual Studio Version 16
VisualStudioVersion = 16.0.30717.126
MinimumVisualStudioVersion = 10.0.40219.1
Project("{9A19103F-16F7-4668-BE54-9A1E7A4F7556}") = "Presentation", "DndManager\Presentation.csproj", "{81E6C143-39C4-4DD4-BACC-E8BB6BC57C0F}"
EndProject
Project("{9A19103F-16F7-4668-BE54-9A1E7A4F7556}") = "Application", "Application\Application.csproj", "{D0366760-F7DB-4113-B2D7-040CBD4509AA}"
EndProject
Project("{9A19103F-16F7-4668-BE54-9A1E7A4F7556}") = "Domain", "Domain\Domain.csproj", "{A118D32F-1AC9-4A5F-8F1D-03D20E6A2A21}"
EndProject
Project("{9A19103F-16F7-4668-BE54-9A1E7A4F7556}") = "Infrastructure", "Infrastructure\Infrastructure.csproj", "{B568065F-E6DB-4D60-B97C-2BA61F71F73C}"
EndProject
Project("{2150E333-8FDC-42A3-9474-1A3956D46DE8}") = "src", "src", "{412B8021-57E1-4C3C-B8DD-206A9146632E}"
EndProject
Global
	GlobalSection(SolutionConfigurationPlatforms) = preSolution
		Debug|Any CPU = Debug|Any CPU
		Release|Any CPU = Release|Any CPU
	EndGlobalSection
	GlobalSection(ProjectConfigurationPlatforms) = postSolution
		{81E6C143-39C4-4DD4-BACC-E8BB6BC57C0F}.Debug|Any CPU.ActiveCfg = Debug|Any CPU
		{81E6C143-39C4-4DD4-BACC-E8BB6BC57C0F}.Debug|Any CPU.Build.0 = Debug|Any CPU
		{81E6C143-39C4-4DD4-BACC-E8BB6BC57C0F}.Release|Any CPU.ActiveCfg = Release|Any CPU
		{81E6C143-39C4-4DD4-BACC-E8BB6BC57C0F}.Release|Any CPU.Build.0 = Release|Any CPU
		{D0366760-F7DB-4113-B2D7-040CBD4509AA}.Debug|Any CPU.ActiveCfg = Debug|Any CPU
		{D0366760-F7DB-4113-B2D7-040CBD4509AA}.Debug|Any CPU.Build.0 = Debug|Any CPU
		{D0366760-F7DB-4113-B2D7-040CBD4509AA}.Release|Any CPU.ActiveCfg = Release|Any CPU
		{D0366760-F7DB-4113-B2D7-040CBD4509AA}.Release|Any CPU.Build.0 = Release|Any CPU
		{A118D32F-1AC9-4A5F-8F1D-03D20E6A2A21}.Debug|Any CPU.ActiveCfg = Debug|Any CPU
		{A118D32F-1AC9-4A5F-8F1D-03D20E6A2A21}.Debug|Any CPU.Build.0 = Debug|Any CPU
		{A118D32F-1AC9-4A5F-8F1D-03D20E6A2A21}.Release|Any CPU.ActiveCfg = Release|Any CPU
		{A118D32F-1AC9-4A5F-8F1D-03D20E6A2A21}.Release|Any CPU.Build.0 = Release|Any CPU
		{B568065F-E6DB-4D60-B97C-2BA61F71F73C}.Debug|Any CPU.ActiveCfg = Debug|Any CPU
		{B568065F-E6DB-4D60-B97C-2BA61F71F73C}.Debug|Any CPU.Build.0 = Debug|Any CPU
		{B568065F-E6DB-4D60-B97C-2BA61F71F73C}.Release|Any CPU.ActiveCfg = Release|Any CPU
		{B568065F-E6DB-4D60-B97C-2BA61F71F73C}.Release|Any CPU.Build.0 = Release|Any CPU
	EndGlobalSection
	GlobalSection(SolutionProperties) = preSolution
		HideSolutionNode = FALSE
	EndGlobalSection
	GlobalSection(NestedProjects) = preSolution
		{81E6C143-39C4-4DD4-BACC-E8BB6BC57C0F} = {412B8021-57E1-4C3C-B8DD-206A9146632E}
		{D0366760-F7DB-4113-B2D7-040CBD4509AA} = {412B8021-57E1-4C3C-B8DD-206A9146632E}
		{A118D32F-1AC9-4A5F-8F1D-03D20E6A2A21} = {412B8021-57E1-4C3C-B8DD-206A9146632E}
		{B568065F-E6DB-4D60-B97C-2BA61F71F73C} = {412B8021-57E1-4C3C-B8DD-206A9146632E}
	EndGlobalSection
	GlobalSection(ExtensibilityGlobals) = postSolution
		SolutionGuid = {C6CA87F3-039D-49ED-BA40-04178E698F69}
	EndGlobalSection
EndGlobal
